
Microsoft Visual Studio Solution File, Format Version 12.00
# Visual Studio Version 17
VisualStudioVersion = 17.0.32014.148
MinimumVisualStudioVersion = 10.0.40219.1
Project("{FAE04EC0-301F-11D3-BF4B-00C04F79EFBC}") = "Tests", "Tests\Tests.csproj", "{F0163AC1-3926-4F2A-8033-9AB2B48B1C77}"
EndProject
Project("{FAE04EC0-301F-11D3-BF4B-00C04F79EFBC}") = "NGinnBPM.MessageBus.Windsor", "NGinnBPM.MessageBus.Windsor\NGinnBPM.MessageBus.Windsor.csproj", "{6837107E-5C65-4228-BB86-F8C97334016D}"
EndProject
Project("{FAE04EC0-301F-11D3-BF4B-00C04F79EFBC}") = "NGinnBPM.MessageBus", "NGinnBPM.MessageBus\NGinnBPM.MessageBus.csproj", "{00547C7F-AB8E-49E6-84C6-6B21AA156DF2}"
EndProject
Project("{2150E333-8FDC-42A3-9474-1A3956D46DE8}") = "Solution Items", "Solution Items", "{753665D8-0CFD-4AC4-8E50-D448EBAC5B25}"
	ProjectSection(SolutionItems) = preProject
		Performance1.psess = Performance1.psess
		TODO.txt = TODO.txt
	EndProjectSection
EndProject
Project("{FAE04EC0-301F-11D3-BF4B-00C04F79EFBC}") = "NGinnBPM.ServiceHost", "NGinnBPM.ServiceHost\NGinnBPM.ServiceHost.csproj", "{835397FB-EC02-4BA8-9E20-78F1EE3745EB}"
EndProject
Project("{FAE04EC0-301F-11D3-BF4B-00C04F79EFBC}") = "PerfTesting", "PerfTesting\PerfTesting.csproj", "{2C0D8214-5172-4FD1-8714-ECD25A2240BC}"
EndProject
Project("{FAE04EC0-301F-11D3-BF4B-00C04F79EFBC}") = "NGinnBPM.MessageBus.Mongo", "NGinnBPM.MessageBus.Mongo\NGinnBPM.MessageBus.Mongo.csproj", "{26131B9A-9DCB-46FD-BBAC-8EC15109E804}"
EndProject
Project("{FAE04EC0-301F-11D3-BF4B-00C04F79EFBC}") = "NGinnBPM.MessageBus.Mongo.Windsor", "NGinnBPM.MessageBus.Mongo.Windsor\NGinnBPM.MessageBus.Mongo.Windsor.csproj", "{4F4877EC-6608-4532-A91A-303DD2A35F39}"
EndProject
Project("{2150E333-8FDC-42A3-9474-1A3956D46DE8}") = ".nuget", ".nuget", "{D72F9F55-BDD9-434F-B37A-58772403905D}"
	ProjectSection(SolutionItems) = preProject
		.nuget\NuGet.Config = .nuget\NuGet.Config
		.nuget\NuGet.exe = .nuget\NuGet.exe
		.nuget\NuGet.targets = .nuget\NuGet.targets
	EndProjectSection
EndProject
Project("{FAE04EC0-301F-11D3-BF4B-00C04F79EFBC}") = "NGinnBPM.MessageBus.UnitTests", "NGinnBPM.MessageBus.UnitTests\NGinnBPM.MessageBus.UnitTests.csproj", "{FDE72C46-684F-444D-A659-186774B8FF16}"
EndProject
Project("{FAE04EC0-301F-11D3-BF4B-00C04F79EFBC}") = "MessageBusTest", "MessageBusTest\MessageBusTest.csproj", "{04029211-41BA-4D44-9B79-322C3856CAE2}"
EndProject
Global
	GlobalSection(SolutionConfigurationPlatforms) = preSolution
		Debug|Any CPU = Debug|Any CPU
		Debug|Mixed Platforms = Debug|Mixed Platforms
		Debug|x86 = Debug|x86
		Release|Any CPU = Release|Any CPU
		Release|Mixed Platforms = Release|Mixed Platforms
		Release|x86 = Release|x86
	EndGlobalSection
	GlobalSection(ProjectConfigurationPlatforms) = postSolution
		{F0163AC1-3926-4F2A-8033-9AB2B48B1C77}.Debug|Any CPU.ActiveCfg = Debug|Any CPU
		{F0163AC1-3926-4F2A-8033-9AB2B48B1C77}.Debug|Any CPU.Build.0 = Debug|Any CPU
		{F0163AC1-3926-4F2A-8033-9AB2B48B1C77}.Debug|Mixed Platforms.ActiveCfg = Debug|Any CPU
		{F0163AC1-3926-4F2A-8033-9AB2B48B1C77}.Debug|Mixed Platforms.Build.0 = Debug|Any CPU
		{F0163AC1-3926-4F2A-8033-9AB2B48B1C77}.Debug|x86.ActiveCfg = Debug|Any CPU
		{F0163AC1-3926-4F2A-8033-9AB2B48B1C77}.Release|Any CPU.ActiveCfg = Release|Any CPU
		{F0163AC1-3926-4F2A-8033-9AB2B48B1C77}.Release|Any CPU.Build.0 = Release|Any CPU
		{F0163AC1-3926-4F2A-8033-9AB2B48B1C77}.Release|Mixed Platforms.ActiveCfg = Release|Any CPU
		{F0163AC1-3926-4F2A-8033-9AB2B48B1C77}.Release|Mixed Platforms.Build.0 = Release|Any CPU
		{F0163AC1-3926-4F2A-8033-9AB2B48B1C77}.Release|x86.ActiveCfg = Release|Any CPU
		{6837107E-5C65-4228-BB86-F8C97334016D}.Debug|Any CPU.ActiveCfg = Debug|Any CPU
		{6837107E-5C65-4228-BB86-F8C97334016D}.Debug|Any CPU.Build.0 = Debug|Any CPU
		{6837107E-5C65-4228-BB86-F8C97334016D}.Debug|Mixed Platforms.ActiveCfg = Debug|Any CPU
		{6837107E-5C65-4228-BB86-F8C97334016D}.Debug|Mixed Platforms.Build.0 = Debug|Any CPU
		{6837107E-5C65-4228-BB86-F8C97334016D}.Debug|x86.ActiveCfg = Debug|Any CPU
		{6837107E-5C65-4228-BB86-F8C97334016D}.Release|Any CPU.ActiveCfg = Release|Any CPU
		{6837107E-5C65-4228-BB86-F8C97334016D}.Release|Any CPU.Build.0 = Release|Any CPU
		{6837107E-5C65-4228-BB86-F8C97334016D}.Release|Mixed Platforms.ActiveCfg = Release|Any CPU
		{6837107E-5C65-4228-BB86-F8C97334016D}.Release|Mixed Platforms.Build.0 = Release|Any CPU
		{6837107E-5C65-4228-BB86-F8C97334016D}.Release|x86.ActiveCfg = Release|Any CPU
		{00547C7F-AB8E-49E6-84C6-6B21AA156DF2}.Debug|Any CPU.ActiveCfg = Debug|Any CPU
		{00547C7F-AB8E-49E6-84C6-6B21AA156DF2}.Debug|Any CPU.Build.0 = Debug|Any CPU
		{00547C7F-AB8E-49E6-84C6-6B21AA156DF2}.Debug|Mixed Platforms.ActiveCfg = Debug|Any CPU
		{00547C7F-AB8E-49E6-84C6-6B21AA156DF2}.Debug|Mixed Platforms.Build.0 = Debug|Any CPU
		{00547C7F-AB8E-49E6-84C6-6B21AA156DF2}.Debug|x86.ActiveCfg = Debug|Any CPU
		{00547C7F-AB8E-49E6-84C6-6B21AA156DF2}.Release|Any CPU.ActiveCfg = Release|Any CPU
		{00547C7F-AB8E-49E6-84C6-6B21AA156DF2}.Release|Any CPU.Build.0 = Release|Any CPU
		{00547C7F-AB8E-49E6-84C6-6B21AA156DF2}.Release|Mixed Platforms.ActiveCfg = Release|Any CPU
		{00547C7F-AB8E-49E6-84C6-6B21AA156DF2}.Release|Mixed Platforms.Build.0 = Release|Any CPU
		{00547C7F-AB8E-49E6-84C6-6B21AA156DF2}.Release|x86.ActiveCfg = Release|Any CPU
		{835397FB-EC02-4BA8-9E20-78F1EE3745EB}.Debug|Any CPU.ActiveCfg = Debug|Any CPU
		{835397FB-EC02-4BA8-9E20-78F1EE3745EB}.Debug|Any CPU.Build.0 = Debug|Any CPU
		{835397FB-EC02-4BA8-9E20-78F1EE3745EB}.Debug|Mixed Platforms.ActiveCfg = Debug|Any CPU
		{835397FB-EC02-4BA8-9E20-78F1EE3745EB}.Debug|Mixed Platforms.Build.0 = Debug|Any CPU
		{835397FB-EC02-4BA8-9E20-78F1EE3745EB}.Debug|x86.ActiveCfg = Debug|x86
		{835397FB-EC02-4BA8-9E20-78F1EE3745EB}.Debug|x86.Build.0 = Debug|x86
		{835397FB-EC02-4BA8-9E20-78F1EE3745EB}.Release|Any CPU.ActiveCfg = Release|x86
		{835397FB-EC02-4BA8-9E20-78F1EE3745EB}.Release|Mixed Platforms.ActiveCfg = Release|x86
		{835397FB-EC02-4BA8-9E20-78F1EE3745EB}.Release|Mixed Platforms.Build.0 = Release|x86
		{835397FB-EC02-4BA8-9E20-78F1EE3745EB}.Release|x86.ActiveCfg = Release|x86
		{835397FB-EC02-4BA8-9E20-78F1EE3745EB}.Release|x86.Build.0 = Release|x86
		{2C0D8214-5172-4FD1-8714-ECD25A2240BC}.Debug|Any CPU.ActiveCfg = Debug|Any CPU
		{2C0D8214-5172-4FD1-8714-ECD25A2240BC}.Debug|Any CPU.Build.0 = Debug|Any CPU
		{2C0D8214-5172-4FD1-8714-ECD25A2240BC}.Debug|Mixed Platforms.ActiveCfg = Debug|Any CPU
		{2C0D8214-5172-4FD1-8714-ECD25A2240BC}.Debug|Mixed Platforms.Build.0 = Debug|Any CPU
		{2C0D8214-5172-4FD1-8714-ECD25A2240BC}.Debug|x86.ActiveCfg = Debug|x86
		{2C0D8214-5172-4FD1-8714-ECD25A2240BC}.Debug|x86.Build.0 = Debug|x86
		{2C0D8214-5172-4FD1-8714-ECD25A2240BC}.Release|Any CPU.ActiveCfg = Release|x86
		{2C0D8214-5172-4FD1-8714-ECD25A2240BC}.Release|Mixed Platforms.ActiveCfg = Release|x86
		{2C0D8214-5172-4FD1-8714-ECD25A2240BC}.Release|Mixed Platforms.Build.0 = Release|x86
		{2C0D8214-5172-4FD1-8714-ECD25A2240BC}.Release|x86.ActiveCfg = Release|x86
		{2C0D8214-5172-4FD1-8714-ECD25A2240BC}.Release|x86.Build.0 = Release|x86
		{26131B9A-9DCB-46FD-BBAC-8EC15109E804}.Debug|Any CPU.ActiveCfg = Debug|Any CPU
		{26131B9A-9DCB-46FD-BBAC-8EC15109E804}.Debug|Any CPU.Build.0 = Debug|Any CPU
		{26131B9A-9DCB-46FD-BBAC-8EC15109E804}.Debug|Mixed Platforms.ActiveCfg = Debug|Any CPU
		{26131B9A-9DCB-46FD-BBAC-8EC15109E804}.Debug|Mixed Platforms.Build.0 = Debug|Any CPU
		{26131B9A-9DCB-46FD-BBAC-8EC15109E804}.Debug|x86.ActiveCfg = Debug|Any CPU
		{26131B9A-9DCB-46FD-BBAC-8EC15109E804}.Release|Any CPU.ActiveCfg = Release|Any CPU
		{26131B9A-9DCB-46FD-BBAC-8EC15109E804}.Release|Any CPU.Build.0 = Release|Any CPU
		{26131B9A-9DCB-46FD-BBAC-8EC15109E804}.Release|Mixed Platforms.ActiveCfg = Release|Any CPU
		{26131B9A-9DCB-46FD-BBAC-8EC15109E804}.Release|Mixed Platforms.Build.0 = Release|Any CPU
		{26131B9A-9DCB-46FD-BBAC-8EC15109E804}.Release|x86.ActiveCfg = Release|Any CPU
		{4F4877EC-6608-4532-A91A-303DD2A35F39}.Debug|Any CPU.ActiveCfg = Debug|Any CPU
		{4F4877EC-6608-4532-A91A-303DD2A35F39}.Debug|Any CPU.Build.0 = Debug|Any CPU
		{4F4877EC-6608-4532-A91A-303DD2A35F39}.Debug|Mixed Platforms.ActiveCfg = Debug|Any CPU
		{4F4877EC-6608-4532-A91A-303DD2A35F39}.Debug|Mixed Platforms.Build.0 = Debug|Any CPU
		{4F4877EC-6608-4532-A91A-303DD2A35F39}.Debug|x86.ActiveCfg = Debug|Any CPU
		{4F4877EC-6608-4532-A91A-303DD2A35F39}.Release|Any CPU.ActiveCfg = Release|Any CPU
		{4F4877EC-6608-4532-A91A-303DD2A35F39}.Release|Any CPU.Build.0 = Release|Any CPU
		{4F4877EC-6608-4532-A91A-303DD2A35F39}.Release|Mixed Platforms.ActiveCfg = Release|Any CPU
		{4F4877EC-6608-4532-A91A-303DD2A35F39}.Release|Mixed Platforms.Build.0 = Release|Any CPU
		{4F4877EC-6608-4532-A91A-303DD2A35F39}.Release|x86.ActiveCfg = Release|Any CPU
		{FDE72C46-684F-444D-A659-186774B8FF16}.Debug|Any CPU.ActiveCfg = Debug|Any CPU
		{FDE72C46-684F-444D-A659-186774B8FF16}.Debug|Any CPU.Build.0 = Debug|Any CPU
		{FDE72C46-684F-444D-A659-186774B8FF16}.Debug|Mixed Platforms.ActiveCfg = Debug|Any CPU
		{FDE72C46-684F-444D-A659-186774B8FF16}.Debug|Mixed Platforms.Build.0 = Debug|Any CPU
		{FDE72C46-684F-444D-A659-186774B8FF16}.Debug|x86.ActiveCfg = Debug|Any CPU
		{FDE72C46-684F-444D-A659-186774B8FF16}.Release|Any CPU.ActiveCfg = Release|Any CPU
		{FDE72C46-684F-444D-A659-186774B8FF16}.Release|Any CPU.Build.0 = Release|Any CPU
		{FDE72C46-684F-444D-A659-186774B8FF16}.Release|Mixed Platforms.ActiveCfg = Release|Any CPU
		{FDE72C46-684F-444D-A659-186774B8FF16}.Release|Mixed Platforms.Build.0 = Release|Any CPU
		{FDE72C46-684F-444D-A659-186774B8FF16}.Release|x86.ActiveCfg = Release|Any CPU
		{04029211-41BA-4D44-9B79-322C3856CAE2}.Debug|Any CPU.ActiveCfg = Debug|Any CPU
		{04029211-41BA-4D44-9B79-322C3856CAE2}.Debug|Any CPU.Build.0 = Debug|Any CPU
		{04029211-41BA-4D44-9B79-322C3856CAE2}.Debug|Mixed Platforms.ActiveCfg = Debug|Any CPU
		{04029211-41BA-4D44-9B79-322C3856CAE2}.Debug|Mixed Platforms.Build.0 = Debug|Any CPU
		{04029211-41BA-4D44-9B79-322C3856CAE2}.Debug|x86.ActiveCfg = Debug|Any CPU
		{04029211-41BA-4D44-9B79-322C3856CAE2}.Debug|x86.Build.0 = Debug|Any CPU
		{04029211-41BA-4D44-9B79-322C3856CAE2}.Release|Any CPU.ActiveCfg = Release|Any CPU
		{04029211-41BA-4D44-9B79-322C3856CAE2}.Release|Any CPU.Build.0 = Release|Any CPU
		{04029211-41BA-4D44-9B79-322C3856CAE2}.Release|Mixed Platforms.ActiveCfg = Release|Any CPU
		{04029211-41BA-4D44-9B79-322C3856CAE2}.Release|Mixed Platforms.Build.0 = Release|Any CPU
		{04029211-41BA-4D44-9B79-322C3856CAE2}.Release|x86.ActiveCfg = Release|Any CPU
		{04029211-41BA-4D44-9B79-322C3856CAE2}.Release|x86.Build.0 = Release|Any CPU
	EndGlobalSection
	GlobalSection(SolutionProperties) = preSolution
		HideSolutionNode = FALSE
	EndGlobalSection
	GlobalSection(ExtensibilityGlobals) = postSolution
		SolutionGuid = {E6D26341-FFD5-49B9-A3A7-E85E3A4078B6}
	EndGlobalSection
EndGlobal
