
Microsoft Visual Studio Solution File, Format Version 12.00
# Visual Studio Version 17
VisualStudioVersion = 17.8.34309.116
MinimumVisualStudioVersion = 10.0.40219.1
Project("{9A19103F-16F7-4668-BE54-9A1E7A4F7556}") = "NGinnBPM.MessageBus", "NGinnBPM.MessageBus\NGinnBPM.MessageBus.csproj", "{9352F5DA-43B2-4F20-8A21-9A0E4D208BA4}"
EndProject
Project("{9A19103F-16F7-4668-BE54-9A1E7A4F7556}") = "NGinnBPM.MessageBus.Windsor", "NGinnBPM.MessageBus.Windsor\NGinnBPM.MessageBus.Windsor.csproj", "{0F0D28C0-5803-45C8-BB72-54849297CA67}"
EndProject
Project("{9A19103F-16F7-4668-BE54-9A1E7A4F7556}") = "NGinnBPM.MessageBus.Tests", "NGinnBPM.MessageBus.Tests\NGinnBPM.MessageBus.Tests.csproj", "{05BE4C70-EBC9-4B20-B3BF-8652D5491E1E}"
EndProject
Project("{9A19103F-16F7-4668-BE54-9A1E7A4F7556}") = "NGinnBPM.DSLServices", "NGinnBPM.DslServices\NGinnBPM.DSLServices.csproj", "{0A52F561-DAA2-4D60-BAB5-9ED0749DE642}"
EndProject
Project("{9A19103F-16F7-4668-BE54-9A1E7A4F7556}") = "NGinnBPM.DSLServices.Tests", "NGinnBPM.DslServices.Tests\NGinnBPM.DSLServices.Tests.csproj", "{1A6450BD-3885-444E-BA79-919358DF5AB5}"
EndProject
Global
	GlobalSection(SolutionConfigurationPlatforms) = preSolution
		Debug|Any CPU = Debug|Any CPU
		Release|Any CPU = Release|Any CPU
	EndGlobalSection
	GlobalSection(ProjectConfigurationPlatforms) = postSolution
		{9352F5DA-43B2-4F20-8A21-9A0E4D208BA4}.Debug|Any CPU.ActiveCfg = Debug|Any CPU
		{9352F5DA-43B2-4F20-8A21-9A0E4D208BA4}.Debug|Any CPU.Build.0 = Debug|Any CPU
		{9352F5DA-43B2-4F20-8A21-9A0E4D208BA4}.Release|Any CPU.ActiveCfg = Release|Any CPU
		{9352F5DA-43B2-4F20-8A21-9A0E4D208BA4}.Release|Any CPU.Build.0 = Release|Any CPU
		{0F0D28C0-5803-45C8-BB72-54849297CA67}.Debug|Any CPU.ActiveCfg = Debug|Any CPU
		{0F0D28C0-5803-45C8-BB72-54849297CA67}.Debug|Any CPU.Build.0 = Debug|Any CPU
		{0F0D28C0-5803-45C8-BB72-54849297CA67}.Release|Any CPU.ActiveCfg = Release|Any CPU
		{0F0D28C0-5803-45C8-BB72-54849297CA67}.Release|Any CPU.Build.0 = Release|Any CPU
		{05BE4C70-EBC9-4B20-B3BF-8652D5491E1E}.Debug|Any CPU.ActiveCfg = Debug|Any CPU
		{05BE4C70-EBC9-4B20-B3BF-8652D5491E1E}.Debug|Any CPU.Build.0 = Debug|Any CPU
		{05BE4C70-EBC9-4B20-B3BF-8652D5491E1E}.Release|Any CPU.ActiveCfg = Release|Any CPU
		{05BE4C70-EBC9-4B20-B3BF-8652D5491E1E}.Release|Any CPU.Build.0 = Release|Any CPU
		{0A52F561-DAA2-4D60-BAB5-9ED0749DE642}.Debug|Any CPU.ActiveCfg = Debug|Any CPU
		{0A52F561-DAA2-4D60-BAB5-9ED0749DE642}.Debug|Any CPU.Build.0 = Debug|Any CPU
		{0A52F561-DAA2-4D60-BAB5-9ED0749DE642}.Release|Any CPU.ActiveCfg = Release|Any CPU
		{0A52F561-DAA2-4D60-BAB5-9ED0749DE642}.Release|Any CPU.Build.0 = Release|Any CPU
		{1A6450BD-3885-444E-BA79-919358DF5AB5}.Debug|Any CPU.ActiveCfg = Debug|Any CPU
		{1A6450BD-3885-444E-BA79-919358DF5AB5}.Debug|Any CPU.Build.0 = Debug|Any CPU
		{1A6450BD-3885-444E-BA79-919358DF5AB5}.Release|Any CPU.ActiveCfg = Release|Any CPU
		{1A6450BD-3885-444E-BA79-919358DF5AB5}.Release|Any CPU.Build.0 = Release|Any CPU
	EndGlobalSection
	GlobalSection(SolutionProperties) = preSolution
		HideSolutionNode = FALSE
	EndGlobalSection
	GlobalSection(ExtensibilityGlobals) = postSolution
		SolutionGuid = {1CB911A5-95BD-4E33-8F07-05D43B4BA059}
	EndGlobalSection
EndGlobal
